
Microsoft Visual Studio Solution File, Format Version 12.00
# Visual Studio Version 16
VisualStudioVersion = 16.0.31605.320
MinimumVisualStudioVersion = 10.0.40219.1
Project("{FAE04EC0-301F-11D3-BF4B-00C04F79EFBC}") = "Chatto.WEB", "Chatto\Chatto.WEB.csproj", "{157999CF-5447-42F8-A3A0-1C12691C68DB}"
EndProject
Project("{FAE04EC0-301F-11D3-BF4B-00C04F79EFBC}") = "Chatto.DAL", "Chatto.DAL\Chatto.DAL.csproj", "{31976963-EE78-47F4-B6F8-7D351B9C300D}"
EndProject
Project("{FAE04EC0-301F-11D3-BF4B-00C04F79EFBC}") = "Chatto.BLL", "Chatto.BLL\Chatto.BLL.csproj", "{8073DFD2-F987-412E-9706-1E89FC735CEC}"
EndProject
Global
	GlobalSection(SolutionConfigurationPlatforms) = preSolution
		Debug|Any CPU = Debug|Any CPU
		Release|Any CPU = Release|Any CPU
	EndGlobalSection
	GlobalSection(ProjectConfigurationPlatforms) = postSolution
		{157999CF-5447-42F8-A3A0-1C12691C68DB}.Debug|Any CPU.ActiveCfg = Debug|Any CPU
		{157999CF-5447-42F8-A3A0-1C12691C68DB}.Debug|Any CPU.Build.0 = Debug|Any CPU
		{157999CF-5447-42F8-A3A0-1C12691C68DB}.Release|Any CPU.ActiveCfg = Release|Any CPU
		{157999CF-5447-42F8-A3A0-1C12691C68DB}.Release|Any CPU.Build.0 = Release|Any CPU
		{31976963-EE78-47F4-B6F8-7D351B9C300D}.Debug|Any CPU.ActiveCfg = Debug|Any CPU
		{31976963-EE78-47F4-B6F8-7D351B9C300D}.Debug|Any CPU.Build.0 = Debug|Any CPU
		{31976963-EE78-47F4-B6F8-7D351B9C300D}.Release|Any CPU.ActiveCfg = Release|Any CPU
		{31976963-EE78-47F4-B6F8-7D351B9C300D}.Release|Any CPU.Build.0 = Release|Any CPU
		{8073DFD2-F987-412E-9706-1E89FC735CEC}.Debug|Any CPU.ActiveCfg = Debug|Any CPU
		{8073DFD2-F987-412E-9706-1E89FC735CEC}.Debug|Any CPU.Build.0 = Debug|Any CPU
		{8073DFD2-F987-412E-9706-1E89FC735CEC}.Release|Any CPU.ActiveCfg = Release|Any CPU
		{8073DFD2-F987-412E-9706-1E89FC735CEC}.Release|Any CPU.Build.0 = Release|Any CPU
	EndGlobalSection
	GlobalSection(SolutionProperties) = preSolution
		HideSolutionNode = FALSE
	EndGlobalSection
	GlobalSection(ExtensibilityGlobals) = postSolution
		SolutionGuid = {F9AC1E40-0B44-420E-B61E-A185A94CFE57}
	EndGlobalSection
EndGlobal
